
Microsoft Visual Studio Solution File, Format Version 12.00
# Visual Studio Version 16
VisualStudioVersion = 16.0.31911.196
MinimumVisualStudioVersion = 10.0.40219.1
Project("{FAE04EC0-301F-11D3-BF4B-00C04F79EFBC}") = "SpaServices", "SpaServices\SpaServices.csproj", "{34F6E89F-13BF-4BC6-8C5D-7F46FDF748AA}"
EndProject
Global
	GlobalSection(SolutionConfigurationPlatforms) = preSolution
		Debug|Any CPU = Debug|Any CPU
		Release|Any CPU = Release|Any CPU
	EndGlobalSection
	GlobalSection(ProjectConfigurationPlatforms) = postSolution
		{34F6E89F-13BF-4BC6-8C5D-7F46FDF748AA}.Debug|Any CPU.ActiveCfg = Debug|Any CPU
		{34F6E89F-13BF-4BC6-8C5D-7F46FDF748AA}.Debug|Any CPU.Build.0 = Debug|Any CPU
		{34F6E89F-13BF-4BC6-8C5D-7F46FDF748AA}.Release|Any CPU.ActiveCfg = Release|Any CPU
		{34F6E89F-13BF-4BC6-8C5D-7F46FDF748AA}.Release|Any CPU.Build.0 = Release|Any CPU
	EndGlobalSection
	GlobalSection(SolutionProperties) = preSolution
		HideSolutionNode = FALSE
	EndGlobalSection
	GlobalSection(ExtensibilityGlobals) = postSolution
		SolutionGuid = {BD4E9C81-D6B9-4868-B92D-D9832F171F7A}
	EndGlobalSection
EndGlobal
